
Microsoft Visual Studio Solution File, Format Version 12.00
# Visual Studio 15
VisualStudioVersion = 15.0.26730.12
MinimumVisualStudioVersion = 10.0.40219.1
Project("{FAE04EC0-301F-11D3-BF4B-00C04F79EFBC}") = "MyWpfApp", "MyWpfApp\MyWpfApp.csproj", "{ACB3D162-69CE-43EF-9BBA-54B41BBCCDA0}"
EndProject
Project("{FAE04EC0-301F-11D3-BF4B-00C04F79EFBC}") = "MyWpfApp.Tests", "MyWpfApp.Tests\MyWpfApp.Tests.csproj", "{D7263147-B21A-4F59-9F37-BA30B91489FD}"
EndProject
Global
	GlobalSection(SolutionConfigurationPlatforms) = preSolution
		Debug|Any CPU = Debug|Any CPU
		Release|Any CPU = Release|Any CPU
	EndGlobalSection
	GlobalSection(ProjectConfigurationPlatforms) = postSolution
		{ACB3D162-69CE-43EF-9BBA-54B41BBCCDA0}.Debug|Any CPU.ActiveCfg = Debug|Any CPU
		{ACB3D162-69CE-43EF-9BBA-54B41BBCCDA0}.Debug|Any CPU.Build.0 = Debug|Any CPU
		{ACB3D162-69CE-43EF-9BBA-54B41BBCCDA0}.Release|Any CPU.ActiveCfg = Release|Any CPU
		{ACB3D162-69CE-43EF-9BBA-54B41BBCCDA0}.Release|Any CPU.Build.0 = Release|Any CPU
		{D7263147-B21A-4F59-9F37-BA30B91489FD}.Debug|Any CPU.ActiveCfg = Debug|Any CPU
		{D7263147-B21A-4F59-9F37-BA30B91489FD}.Debug|Any CPU.Build.0 = Debug|Any CPU
		{D7263147-B21A-4F59-9F37-BA30B91489FD}.Release|Any CPU.ActiveCfg = Release|Any CPU
		{D7263147-B21A-4F59-9F37-BA30B91489FD}.Release|Any CPU.Build.0 = Release|Any CPU
	EndGlobalSection
	GlobalSection(SolutionProperties) = preSolution
		HideSolutionNode = FALSE
	EndGlobalSection
	GlobalSection(ExtensibilityGlobals) = postSolution
		SolutionGuid = {63F429D6-319A-4417-AF8D-7ED768D50425}
	EndGlobalSection
EndGlobal
